
Microsoft Visual Studio Solution File, Format Version 12.00
# Visual Studio Version 17
VisualStudioVersion = 17.2.32519.379
MinimumVisualStudioVersion = 10.0.40219.1
Project("{8BC9CEB8-8B4A-11D0-8D11-00A0C91BC942}") = "oper", "oper\oper.vcxproj", "{DC938BE6-6554-4F16-B94D-D7B8E156A693}"
EndProject
Global
	GlobalSection(SolutionConfigurationPlatforms) = preSolution
		Debug|x64 = Debug|x64
		Debug|x86 = Debug|x86
		Release|x64 = Release|x64
		Release|x86 = Release|x86
	EndGlobalSection
	GlobalSection(ProjectConfigurationPlatforms) = postSolution
		{DC938BE6-6554-4F16-B94D-D7B8E156A693}.Debug|x64.ActiveCfg = Debug|x64
		{DC938BE6-6554-4F16-B94D-D7B8E156A693}.Debug|x64.Build.0 = Debug|x64
		{DC938BE6-6554-4F16-B94D-D7B8E156A693}.Debug|x86.ActiveCfg = Debug|Win32
		{DC938BE6-6554-4F16-B94D-D7B8E156A693}.Debug|x86.Build.0 = Debug|Win32
		{DC938BE6-6554-4F16-B94D-D7B8E156A693}.Release|x64.ActiveCfg = Release|x64
		{DC938BE6-6554-4F16-B94D-D7B8E156A693}.Release|x64.Build.0 = Release|x64
		{DC938BE6-6554-4F16-B94D-D7B8E156A693}.Release|x86.ActiveCfg = Release|Win32
		{DC938BE6-6554-4F16-B94D-D7B8E156A693}.Release|x86.Build.0 = Release|Win32
	EndGlobalSection
	GlobalSection(SolutionProperties) = preSolution
		HideSolutionNode = FALSE
	EndGlobalSection
	GlobalSection(ExtensibilityGlobals) = postSolution
		SolutionGuid = {15028073-A62C-4480-BA53-D1FEE1181672}
	EndGlobalSection
EndGlobal
